// !$*UTF8*$!
{
	archiveVersion = 1;
	classes = {
	};
	objectVersion = 56;
	objects = {

/* Begin PBXBuildFile section */
		CD6AE563297EF17B00720EB9 /* AppDelegate.swift in Sources */ = {isa = PBXBuildFile; fileRef = CD6AE562297EF17B00720EB9 /* AppDelegate.swift */; };
		CD6AE565297EF17B00720EB9 /* SceneDelegate.swift in Sources */ = {isa = PBXBuildFile; fileRef = CD6AE564297EF17B00720EB9 /* SceneDelegate.swift */; };
		CD6AE567297EF17B00720EB9 /* MainViewController.swift in Sources */ = {isa = PBXBuildFile; fileRef = CD6AE566297EF17B00720EB9 /* MainViewController.swift */; };
		CD6AE56A297EF17B00720EB9 /* Main.storyboard in Resources */ = {isa = PBXBuildFile; fileRef = CD6AE568297EF17B00720EB9 /* Main.storyboard */; };
		CD6AE56C297EF17C00720EB9 /* Assets.xcassets in Resources */ = {isa = PBXBuildFile; fileRef = CD6AE56B297EF17C00720EB9 /* Assets.xcassets */; };
		CD6AE56F297EF17C00720EB9 /* LaunchScreen.storyboard in Resources */ = {isa = PBXBuildFile; fileRef = CD6AE56D297EF17C00720EB9 /* LaunchScreen.storyboard */; };
		CD6AE578297EF69000720EB9 /* BaseViewController.swift in Sources */ = {isa = PBXBuildFile; fileRef = CD6AE577297EF69000720EB9 /* BaseViewController.swift */; };
		CD6AE581297EF6BF00720EB9 /* UILabel+Padding.swift in Sources */ = {isa = PBXBuildFile; fileRef = CD6AE57A297EF6BF00720EB9 /* UILabel+Padding.swift */; };
		CD6AE583297EF6BF00720EB9 /* CustomNaviBarItem.swift in Sources */ = {isa = PBXBuildFile; fileRef = CD6AE57C297EF6BF00720EB9 /* CustomNaviBarItem.swift */; };
		CD6AE584297EF6BF00720EB9 /* CustomNavigationController.swift in Sources */ = {isa = PBXBuildFile; fileRef = CD6AE57D297EF6BF00720EB9 /* CustomNavigationController.swift */; };
		CD6AE585297EF6BF00720EB9 /* Device.swift in Sources */ = {isa = PBXBuildFile; fileRef = CD6AE57E297EF6BF00720EB9 /* Device.swift */; };
		CD6AE587297EF6BF00720EB9 /* IndicatorView.swift in Sources */ = {isa = PBXBuildFile; fileRef = CD6AE580297EF6BF00720EB9 /* IndicatorView.swift */; };
		CD6AE58F297EFB8500720EB9 /* ColorPreset.swift in Sources */ = {isa = PBXBuildFile; fileRef = CD6AE58E297EFB8500720EB9 /* ColorPreset.swift */; };
		CDE7F07C29817348008F682F /* PostModel.swift in Sources */ = {isa = PBXBuildFile; fileRef = CDE7F07B29817348008F682F /* PostModel.swift */; };
		CDE7F07E29817383008F682F /* MainViewModel.swift in Sources */ = {isa = PBXBuildFile; fileRef = CDE7F07D29817383008F682F /* MainViewModel.swift */; };
		CDE7F080298173FA008F682F /* PostCell.swift in Sources */ = {isa = PBXBuildFile; fileRef = CDE7F07F298173FA008F682F /* PostCell.swift */; };
		CDE7F088298190CC008F682F /* SnapKit in Frameworks */ = {isa = PBXBuildFile; productRef = CDE7F087298190CC008F682F /* SnapKit */; };
		CDE7F08B29819325008F682F /* NetworkService.swift in Sources */ = {isa = PBXBuildFile; fileRef = CDE7F08A29819325008F682F /* NetworkService.swift */; };
		CDE7F08E2981934C008F682F /* Alamofire in Frameworks */ = {isa = PBXBuildFile; productRef = CDE7F08D2981934C008F682F /* Alamofire */; };
		CDE7F091298193E2008F682F /* Secret.swift in Sources */ = {isa = PBXBuildFile; fileRef = CDE7F090298193E2008F682F /* Secret.swift */; };
		CDE7F093298193FA008F682F /* Constant.swift in Sources */ = {isa = PBXBuildFile; fileRef = CDE7F092298193FA008F682F /* Constant.swift */; };
		CDE7F09829819CEB008F682F /* Kingfisher in Frameworks */ = {isa = PBXBuildFile; productRef = CDE7F09729819CEB008F682F /* Kingfisher */; };
		CDE7F09B29823C63008F682F /* DiscoverCell.swift in Sources */ = {isa = PBXBuildFile; fileRef = CDE7F09A29823C63008F682F /* DiscoverCell.swift */; };
		CDE7F09D29823C72008F682F /* SearchBarHeaderView.swift in Sources */ = {isa = PBXBuildFile; fileRef = CDE7F09C29823C72008F682F /* SearchBarHeaderView.swift */; };
		CDE7F09F29843834008F682F /* DummyImage.swift in Sources */ = {isa = PBXBuildFile; fileRef = CDE7F09E29843834008F682F /* DummyImage.swift */; };
		CDE7F0A229843BBA008F682F /* Profile.storyboard in Resources */ = {isa = PBXBuildFile; fileRef = CDE7F0A129843BBA008F682F /* Profile.storyboard */; };
/* End PBXBuildFile section */

/* Begin PBXFileReference section */
		CD6AE55F297EF17B00720EB9 /* ConnectUs.app */ = {isa = PBXFileReference; explicitFileType = wrapper.application; includeInIndex = 0; path = ConnectUs.app; sourceTree = BUILT_PRODUCTS_DIR; };
		CD6AE562297EF17B00720EB9 /* AppDelegate.swift */ = {isa = PBXFileReference; lastKnownFileType = sourcecode.swift; path = AppDelegate.swift; sourceTree = "<group>"; };
		CD6AE564297EF17B00720EB9 /* SceneDelegate.swift */ = {isa = PBXFileReference; lastKnownFileType = sourcecode.swift; path = SceneDelegate.swift; sourceTree = "<group>"; };
		CD6AE566297EF17B00720EB9 /* MainViewController.swift */ = {isa = PBXFileReference; lastKnownFileType = sourcecode.swift; path = MainViewController.swift; sourceTree = "<group>"; };
		CD6AE569297EF17B00720EB9 /* Base */ = {isa = PBXFileReference; lastKnownFileType = file.storyboard; name = Base; path = Base.lproj/Main.storyboard; sourceTree = "<group>"; };
		CD6AE56B297EF17C00720EB9 /* Assets.xcassets */ = {isa = PBXFileReference; lastKnownFileType = folder.assetcatalog; path = Assets.xcassets; sourceTree = "<group>"; };
		CD6AE56E297EF17C00720EB9 /* Base */ = {isa = PBXFileReference; lastKnownFileType = file.storyboard; name = Base; path = Base.lproj/LaunchScreen.storyboard; sourceTree = "<group>"; };
		CD6AE570297EF17C00720EB9 /* Info.plist */ = {isa = PBXFileReference; lastKnownFileType = text.plist.xml; path = Info.plist; sourceTree = "<group>"; };
		CD6AE577297EF69000720EB9 /* BaseViewController.swift */ = {isa = PBXFileReference; fileEncoding = 4; lastKnownFileType = sourcecode.swift; path = BaseViewController.swift; sourceTree = "<group>"; };
		CD6AE57A297EF6BF00720EB9 /* UILabel+Padding.swift */ = {isa = PBXFileReference; fileEncoding = 4; lastKnownFileType = sourcecode.swift; path = "UILabel+Padding.swift"; sourceTree = "<group>"; };
		CD6AE57C297EF6BF00720EB9 /* CustomNaviBarItem.swift */ = {isa = PBXFileReference; fileEncoding = 4; lastKnownFileType = sourcecode.swift; path = CustomNaviBarItem.swift; sourceTree = "<group>"; };
		CD6AE57D297EF6BF00720EB9 /* CustomNavigationController.swift */ = {isa = PBXFileReference; fileEncoding = 4; lastKnownFileType = sourcecode.swift; path = CustomNavigationController.swift; sourceTree = "<group>"; };
		CD6AE57E297EF6BF00720EB9 /* Device.swift */ = {isa = PBXFileReference; fileEncoding = 4; lastKnownFileType = sourcecode.swift; path = Device.swift; sourceTree = "<group>"; };
		CD6AE580297EF6BF00720EB9 /* IndicatorView.swift */ = {isa = PBXFileReference; fileEncoding = 4; lastKnownFileType = sourcecode.swift; path = IndicatorView.swift; sourceTree = "<group>"; };
		CD6AE58E297EFB8500720EB9 /* ColorPreset.swift */ = {isa = PBXFileReference; lastKnownFileType = sourcecode.swift; path = ColorPreset.swift; sourceTree = "<group>"; };
		CDE7F07B29817348008F682F /* PostModel.swift */ = {isa = PBXFileReference; lastKnownFileType = sourcecode.swift; path = PostModel.swift; sourceTree = "<group>"; };
		CDE7F07D29817383008F682F /* MainViewModel.swift */ = {isa = PBXFileReference; lastKnownFileType = sourcecode.swift; path = MainViewModel.swift; sourceTree = "<group>"; };
		CDE7F07F298173FA008F682F /* PostCell.swift */ = {isa = PBXFileReference; lastKnownFileType = sourcecode.swift; path = PostCell.swift; sourceTree = "<group>"; };
		CDE7F08A29819325008F682F /* NetworkService.swift */ = {isa = PBXFileReference; lastKnownFileType = sourcecode.swift; path = NetworkService.swift; sourceTree = "<group>"; };
		CDE7F090298193E2008F682F /* Secret.swift */ = {isa = PBXFileReference; lastKnownFileType = sourcecode.swift; path = Secret.swift; sourceTree = "<group>"; };
		CDE7F092298193FA008F682F /* Constant.swift */ = {isa = PBXFileReference; lastKnownFileType = sourcecode.swift; path = Constant.swift; sourceTree = "<group>"; };
		CDE7F09A29823C63008F682F /* DiscoverCell.swift */ = {isa = PBXFileReference; lastKnownFileType = sourcecode.swift; path = DiscoverCell.swift; sourceTree = "<group>"; };
		CDE7F09C29823C72008F682F /* SearchBarHeaderView.swift */ = {isa = PBXFileReference; lastKnownFileType = sourcecode.swift; path = SearchBarHeaderView.swift; sourceTree = "<group>"; };
		CDE7F09E29843834008F682F /* DummyImage.swift */ = {isa = PBXFileReference; lastKnownFileType = sourcecode.swift; path = DummyImage.swift; sourceTree = "<group>"; };
		CDE7F0A129843BBA008F682F /* Profile.storyboard */ = {isa = PBXFileReference; lastKnownFileType = file.storyboard; path = Profile.storyboard; sourceTree = "<group>"; };
/* End PBXFileReference section */

/* Begin PBXFrameworksBuildPhase section */
		CD6AE55C297EF17B00720EB9 /* Frameworks */ = {
			isa = PBXFrameworksBuildPhase;
			buildActionMask = 2147483647;
			files = (
				CDE7F09829819CEB008F682F /* Kingfisher in Frameworks */,
				CDE7F088298190CC008F682F /* SnapKit in Frameworks */,
				CDE7F08E2981934C008F682F /* Alamofire in Frameworks */,
			);
			runOnlyForDeploymentPostprocessing = 0;
		};
/* End PBXFrameworksBuildPhase section */

/* Begin PBXGroup section */
		CD6AE556297EF17B00720EB9 = {
			isa = PBXGroup;
			children = (
				CD6AE561297EF17B00720EB9 /* ConnectUs */,
				CD6AE560297EF17B00720EB9 /* Products */,
			);
			sourceTree = "<group>";
		};
		CD6AE560297EF17B00720EB9 /* Products */ = {
			isa = PBXGroup;
			children = (
				CD6AE55F297EF17B00720EB9 /* ConnectUs.app */,
			);
			name = Products;
			sourceTree = "<group>";
		};
		CD6AE561297EF17B00720EB9 /* ConnectUs */ = {
			isa = PBXGroup;
			children = (
				CD6AE562297EF17B00720EB9 /* AppDelegate.swift */,
				CD6AE564297EF17B00720EB9 /* SceneDelegate.swift */,
				CD6AE56B297EF17C00720EB9 /* Assets.xcassets */,
				CD6AE56D297EF17C00720EB9 /* LaunchScreen.storyboard */,
				CD6AE570297EF17C00720EB9 /* Info.plist */,
				CD6AE588297EF6C700720EB9 /* Util */,
				CDE7F089298191E7008F682F /* Network */,
				CD6AE589297EF6FD00720EB9 /* Sources */,
			);
			path = ConnectUs;
			sourceTree = "<group>";
		};
		CD6AE576297EF69000720EB9 /* Base */ = {
			isa = PBXGroup;
			children = (
				CD6AE577297EF69000720EB9 /* BaseViewController.swift */,
			);
			path = Base;
			sourceTree = "<group>";
		};
		CD6AE579297EF6BF00720EB9 /* Custom */ = {
			isa = PBXGroup;
			children = (
				CD6AE57A297EF6BF00720EB9 /* UILabel+Padding.swift */,
				CD6AE57C297EF6BF00720EB9 /* CustomNaviBarItem.swift */,
				CD6AE57D297EF6BF00720EB9 /* CustomNavigationController.swift */,
			);
			path = Custom;
			sourceTree = "<group>";
		};
		CD6AE588297EF6C700720EB9 /* Util */ = {
			isa = PBXGroup;
			children = (
				CDE7F08F298193DA008F682F /* Secret */,
				CD6AE576297EF69000720EB9 /* Base */,
				CD6AE579297EF6BF00720EB9 /* Custom */,
				CD6AE57E297EF6BF00720EB9 /* Device.swift */,
				CD6AE580297EF6BF00720EB9 /* IndicatorView.swift */,
				CD6AE58E297EFB8500720EB9 /* ColorPreset.swift */,
			);
			path = Util;
			sourceTree = "<group>";
		};
		CD6AE589297EF6FD00720EB9 /* Sources */ = {
			isa = PBXGroup;
			children = (
				CDE7F0A029843BB1008F682F /* Profile */,
				CD6AE58A297EF72700720EB9 /* Main */,
			);
			path = Sources;
			sourceTree = "<group>";
		};
		CD6AE58A297EF72700720EB9 /* Main */ = {
			isa = PBXGroup;
			children = (
				CD6AE58B297EF73200720EB9 /* Model */,
				CD6AE58C297EF73700720EB9 /* View */,
				CDE7F07A29817320008F682F /* ViewModel */,
			);
			path = Main;
			sourceTree = "<group>";
		};
		CD6AE58B297EF73200720EB9 /* Model */ = {
			isa = PBXGroup;
			children = (
				CDE7F09E29843834008F682F /* DummyImage.swift */,
				CDE7F07B29817348008F682F /* PostModel.swift */,
			);
			path = Model;
			sourceTree = "<group>";
		};
		CD6AE58C297EF73700720EB9 /* View */ = {
			isa = PBXGroup;
			children = (
				CD6AE566297EF17B00720EB9 /* MainViewController.swift */,
				CD6AE568297EF17B00720EB9 /* Main.storyboard */,
				CDE7F09929823C4B008F682F /* Cells */,
			);
			path = View;
			sourceTree = "<group>";
		};
		CDE7F07A29817320008F682F /* ViewModel */ = {
			isa = PBXGroup;
			children = (
				CDE7F07D29817383008F682F /* MainViewModel.swift */,
			);
			path = ViewModel;
			sourceTree = "<group>";
		};
		CDE7F089298191E7008F682F /* Network */ = {
			isa = PBXGroup;
			children = (
				CDE7F08A29819325008F682F /* NetworkService.swift */,
			);
			path = Network;
			sourceTree = "<group>";
		};
		CDE7F08F298193DA008F682F /* Secret */ = {
			isa = PBXGroup;
			children = (
				CDE7F090298193E2008F682F /* Secret.swift */,
				CDE7F092298193FA008F682F /* Constant.swift */,
			);
			path = Secret;
			sourceTree = "<group>";
		};
		CDE7F09929823C4B008F682F /* Cells */ = {
			isa = PBXGroup;
			children = (
				CDE7F07F298173FA008F682F /* PostCell.swift */,
				CDE7F09A29823C63008F682F /* DiscoverCell.swift */,
				CDE7F09C29823C72008F682F /* SearchBarHeaderView.swift */,
			);
			path = Cells;
			sourceTree = "<group>";
		};
		CDE7F0A029843BB1008F682F /* Profile */ = {
			isa = PBXGroup;
			children = (
				CDE7F0A129843BBA008F682F /* Profile.storyboard */,
			);
			path = Profile;
			sourceTree = "<group>";
		};
/* End PBXGroup section */

/* Begin PBXNativeTarget section */
		CD6AE55E297EF17B00720EB9 /* ConnectUs */ = {
			isa = PBXNativeTarget;
			buildConfigurationList = CD6AE573297EF17C00720EB9 /* Build configuration list for PBXNativeTarget "ConnectUs" */;
			buildPhases = (
				CD6AE55B297EF17B00720EB9 /* Sources */,
				CD6AE55C297EF17B00720EB9 /* Frameworks */,
				CD6AE55D297EF17B00720EB9 /* Resources */,
			);
			buildRules = (
			);
			dependencies = (
			);
			name = ConnectUs;
			packageProductDependencies = (
				CDE7F087298190CC008F682F /* SnapKit */,
				CDE7F08D2981934C008F682F /* Alamofire */,
				CDE7F09729819CEB008F682F /* Kingfisher */,
			);
			productName = ConnectUs;
			productReference = CD6AE55F297EF17B00720EB9 /* ConnectUs.app */;
			productType = "com.apple.product-type.application";
		};
/* End PBXNativeTarget section */

/* Begin PBXProject section */
		CD6AE557297EF17B00720EB9 /* Project object */ = {
			isa = PBXProject;
			attributes = {
				BuildIndependentTargetsInParallel = 1;
				LastSwiftUpdateCheck = 1410;
				LastUpgradeCheck = 1410;
				TargetAttributes = {
					CD6AE55E297EF17B00720EB9 = {
						CreatedOnToolsVersion = 14.1;
					};
				};
			};
			buildConfigurationList = CD6AE55A297EF17B00720EB9 /* Build configuration list for PBXProject "ConnectUs" */;
			compatibilityVersion = "Xcode 14.0";
			developmentRegion = en;
			hasScannedForEncodings = 0;
			knownRegions = (
				en,
				Base,
			);
			mainGroup = CD6AE556297EF17B00720EB9;
			packageReferences = (
				CDE7F086298190CC008F682F /* XCRemoteSwiftPackageReference "SnapKit" */,
				CDE7F08C2981934C008F682F /* XCRemoteSwiftPackageReference "Alamofire" */,
				CDE7F09629819CEB008F682F /* XCRemoteSwiftPackageReference "Kingfisher" */,
			);
			productRefGroup = CD6AE560297EF17B00720EB9 /* Products */;
			projectDirPath = "";
			projectRoot = "";
			targets = (
				CD6AE55E297EF17B00720EB9 /* ConnectUs */,
			);
		};
/* End PBXProject section */

/* Begin PBXResourcesBuildPhase section */
		CD6AE55D297EF17B00720EB9 /* Resources */ = {
			isa = PBXResourcesBuildPhase;
			buildActionMask = 2147483647;
			files = (
				CD6AE56F297EF17C00720EB9 /* LaunchScreen.storyboard in Resources */,
				CD6AE56C297EF17C00720EB9 /* Assets.xcassets in Resources */,
				CDE7F0A229843BBA008F682F /* Profile.storyboard in Resources */,
				CD6AE56A297EF17B00720EB9 /* Main.storyboard in Resources */,
			);
			runOnlyForDeploymentPostprocessing = 0;
		};
/* End PBXResourcesBuildPhase section */

/* Begin PBXSourcesBuildPhase section */
		CD6AE55B297EF17B00720EB9 /* Sources */ = {
			isa = PBXSourcesBuildPhase;
			buildActionMask = 2147483647;
			files = (
				CD6AE567297EF17B00720EB9 /* MainViewController.swift in Sources */,
				CDE7F091298193E2008F682F /* Secret.swift in Sources */,
				CDE7F09F29843834008F682F /* DummyImage.swift in Sources */,
				CD6AE58F297EFB8500720EB9 /* ColorPreset.swift in Sources */,
				CDE7F09D29823C72008F682F /* SearchBarHeaderView.swift in Sources */,
				CDE7F093298193FA008F682F /* Constant.swift in Sources */,
				CDE7F09B29823C63008F682F /* DiscoverCell.swift in Sources */,
				CDE7F080298173FA008F682F /* PostCell.swift in Sources */,
				CD6AE581297EF6BF00720EB9 /* UILabel+Padding.swift in Sources */,
				CD6AE583297EF6BF00720EB9 /* CustomNaviBarItem.swift in Sources */,
				CD6AE587297EF6BF00720EB9 /* IndicatorView.swift in Sources */,
				CDE7F08B29819325008F682F /* NetworkService.swift in Sources */,
				CD6AE585297EF6BF00720EB9 /* Device.swift in Sources */,
				CDE7F07C29817348008F682F /* PostModel.swift in Sources */,
				CD6AE584297EF6BF00720EB9 /* CustomNavigationController.swift in Sources */,
				CD6AE578297EF69000720EB9 /* BaseViewController.swift in Sources */,
				CD6AE563297EF17B00720EB9 /* AppDelegate.swift in Sources */,
				CD6AE565297EF17B00720EB9 /* SceneDelegate.swift in Sources */,
				CDE7F07E29817383008F682F /* MainViewModel.swift in Sources */,
			);
			runOnlyForDeploymentPostprocessing = 0;
		};
/* End PBXSourcesBuildPhase section */

/* Begin PBXVariantGroup section */
		CD6AE568297EF17B00720EB9 /* Main.storyboard */ = {
			isa = PBXVariantGroup;
			children = (
				CD6AE569297EF17B00720EB9 /* Base */,
			);
			name = Main.storyboard;
			sourceTree = "<group>";
		};
		CD6AE56D297EF17C00720EB9 /* LaunchScreen.storyboard */ = {
			isa = PBXVariantGroup;
			children = (
				CD6AE56E297EF17C00720EB9 /* Base */,
			);
			name = LaunchScreen.storyboard;
			sourceTree = "<group>";
		};
/* End PBXVariantGroup section */

/* Begin XCBuildConfiguration section */
		CD6AE571297EF17C00720EB9 /* Debug */ = {
			isa = XCBuildConfiguration;
			buildSettings = {
				ALWAYS_SEARCH_USER_PATHS = NO;
				CLANG_ANALYZER_NONNULL = YES;
				CLANG_ANALYZER_NUMBER_OBJECT_CONVERSION = YES_AGGRESSIVE;
				CLANG_CXX_LANGUAGE_STANDARD = "gnu++20";
				CLANG_ENABLE_MODULES = YES;
				CLANG_ENABLE_OBJC_ARC = YES;
				CLANG_ENABLE_OBJC_WEAK = YES;
				CLANG_WARN_BLOCK_CAPTURE_AUTORELEASING = YES;
				CLANG_WARN_BOOL_CONVERSION = YES;
				CLANG_WARN_COMMA = YES;
				CLANG_WARN_CONSTANT_CONVERSION = YES;
				CLANG_WARN_DEPRECATED_OBJC_IMPLEMENTATIONS = YES;
				CLANG_WARN_DIRECT_OBJC_ISA_USAGE = YES_ERROR;
				CLANG_WARN_DOCUMENTATION_COMMENTS = YES;
				CLANG_WARN_EMPTY_BODY = YES;
				CLANG_WARN_ENUM_CONVERSION = YES;
				CLANG_WARN_INFINITE_RECURSION = YES;
				CLANG_WARN_INT_CONVERSION = YES;
				CLANG_WARN_NON_LITERAL_NULL_CONVERSION = YES;
				CLANG_WARN_OBJC_IMPLICIT_RETAIN_SELF = YES;
				CLANG_WARN_OBJC_LITERAL_CONVERSION = YES;
				CLANG_WARN_OBJC_ROOT_CLASS = YES_ERROR;
				CLANG_WARN_QUOTED_INCLUDE_IN_FRAMEWORK_HEADER = YES;
				CLANG_WARN_RANGE_LOOP_ANALYSIS = YES;
				CLANG_WARN_STRICT_PROTOTYPES = YES;
				CLANG_WARN_SUSPICIOUS_MOVE = YES;
				CLANG_WARN_UNGUARDED_AVAILABILITY = YES_AGGRESSIVE;
				CLANG_WARN_UNREACHABLE_CODE = YES;
				CLANG_WARN__DUPLICATE_METHOD_MATCH = YES;
				COPY_PHASE_STRIP = NO;
				DEBUG_INFORMATION_FORMAT = dwarf;
				ENABLE_STRICT_OBJC_MSGSEND = YES;
				ENABLE_TESTABILITY = YES;
				GCC_C_LANGUAGE_STANDARD = gnu11;
				GCC_DYNAMIC_NO_PIC = NO;
				GCC_NO_COMMON_BLOCKS = YES;
				GCC_OPTIMIZATION_LEVEL = 0;
				GCC_PREPROCESSOR_DEFINITIONS = (
					"DEBUG=1",
					"$(inherited)",
				);
				GCC_WARN_64_TO_32_BIT_CONVERSION = YES;
				GCC_WARN_ABOUT_RETURN_TYPE = YES_ERROR;
				GCC_WARN_UNDECLARED_SELECTOR = YES;
				GCC_WARN_UNINITIALIZED_AUTOS = YES_AGGRESSIVE;
				GCC_WARN_UNUSED_FUNCTION = YES;
				GCC_WARN_UNUSED_VARIABLE = YES;
				IPHONEOS_DEPLOYMENT_TARGET = 16.1;
				MTL_ENABLE_DEBUG_INFO = INCLUDE_SOURCE;
				MTL_FAST_MATH = YES;
				ONLY_ACTIVE_ARCH = YES;
				SDKROOT = iphoneos;
				SWIFT_ACTIVE_COMPILATION_CONDITIONS = DEBUG;
				SWIFT_OPTIMIZATION_LEVEL = "-Onone";
			};
			name = Debug;
		};
		CD6AE572297EF17C00720EB9 /* Release */ = {
			isa = XCBuildConfiguration;
			buildSettings = {
				ALWAYS_SEARCH_USER_PATHS = NO;
				CLANG_ANALYZER_NONNULL = YES;
				CLANG_ANALYZER_NUMBER_OBJECT_CONVERSION = YES_AGGRESSIVE;
				CLANG_CXX_LANGUAGE_STANDARD = "gnu++20";
				CLANG_ENABLE_MODULES = YES;
				CLANG_ENABLE_OBJC_ARC = YES;
				CLANG_ENABLE_OBJC_WEAK = YES;
				CLANG_WARN_BLOCK_CAPTURE_AUTORELEASING = YES;
				CLANG_WARN_BOOL_CONVERSION = YES;
				CLANG_WARN_COMMA = YES;
				CLANG_WARN_CONSTANT_CONVERSION = YES;
				CLANG_WARN_DEPRECATED_OBJC_IMPLEMENTATIONS = YES;
				CLANG_WARN_DIRECT_OBJC_ISA_USAGE = YES_ERROR;
				CLANG_WARN_DOCUMENTATION_COMMENTS = YES;
				CLANG_WARN_EMPTY_BODY = YES;
				CLANG_WARN_ENUM_CONVERSION = YES;
				CLANG_WARN_INFINITE_RECURSION = YES;
				CLANG_WARN_INT_CONVERSION = YES;
				CLANG_WARN_NON_LITERAL_NULL_CONVERSION = YES;
				CLANG_WARN_OBJC_IMPLICIT_RETAIN_SELF = YES;
				CLANG_WARN_OBJC_LITERAL_CONVERSION = YES;
				CLANG_WARN_OBJC_ROOT_CLASS = YES_ERROR;
				CLANG_WARN_QUOTED_INCLUDE_IN_FRAMEWORK_HEADER = YES;
				CLANG_WARN_RANGE_LOOP_ANALYSIS = YES;
				CLANG_WARN_STRICT_PROTOTYPES = YES;
				CLANG_WARN_SUSPICIOUS_MOVE = YES;
				CLANG_WARN_UNGUARDED_AVAILABILITY = YES_AGGRESSIVE;
				CLANG_WARN_UNREACHABLE_CODE = YES;
				CLANG_WARN__DUPLICATE_METHOD_MATCH = YES;
				COPY_PHASE_STRIP = NO;
				DEBUG_INFORMATION_FORMAT = "dwarf-with-dsym";
				ENABLE_NS_ASSERTIONS = NO;
				ENABLE_STRICT_OBJC_MSGSEND = YES;
				GCC_C_LANGUAGE_STANDARD = gnu11;
				GCC_NO_COMMON_BLOCKS = YES;
				GCC_WARN_64_TO_32_BIT_CONVERSION = YES;
				GCC_WARN_ABOUT_RETURN_TYPE = YES_ERROR;
				GCC_WARN_UNDECLARED_SELECTOR = YES;
				GCC_WARN_UNINITIALIZED_AUTOS = YES_AGGRESSIVE;
				GCC_WARN_UNUSED_FUNCTION = YES;
				GCC_WARN_UNUSED_VARIABLE = YES;
				IPHONEOS_DEPLOYMENT_TARGET = 16.1;
				MTL_ENABLE_DEBUG_INFO = NO;
				MTL_FAST_MATH = YES;
				SDKROOT = iphoneos;
				SWIFT_COMPILATION_MODE = wholemodule;
				SWIFT_OPTIMIZATION_LEVEL = "-O";
				VALIDATE_PRODUCT = YES;
			};
			name = Release;
		};
		CD6AE574297EF17C00720EB9 /* Debug */ = {
			isa = XCBuildConfiguration;
			buildSettings = {
				ASSETCATALOG_COMPILER_APPICON_NAME = AppIcon;
				ASSETCATALOG_COMPILER_GLOBAL_ACCENT_COLOR_NAME = AccentColor;
				CODE_SIGN_STYLE = Automatic;
				CURRENT_PROJECT_VERSION = 1;
				DEVELOPMENT_TEAM = 846TMZL7WC;
				GENERATE_INFOPLIST_FILE = YES;
				INFOPLIST_FILE = ConnectUs/Info.plist;
				INFOPLIST_KEY_UIApplicationSupportsIndirectInputEvents = YES;
				INFOPLIST_KEY_UILaunchStoryboardName = LaunchScreen;
				INFOPLIST_KEY_UIMainStoryboardFile = Main;
				INFOPLIST_KEY_UIRequiresFullScreen = NO;
				INFOPLIST_KEY_UIStatusBarStyle = UIStatusBarStyleLightContent;
				INFOPLIST_KEY_UISupportedInterfaceOrientations_iPad = "UIInterfaceOrientationPortrait UIInterfaceOrientationPortraitUpsideDown UIInterfaceOrientationLandscapeLeft UIInterfaceOrientationLandscapeRight";
				INFOPLIST_KEY_UISupportedInterfaceOrientations_iPhone = "UIInterfaceOrientationPortrait UIInterfaceOrientationLandscapeLeft UIInterfaceOrientationLandscapeRight";
				IPHONEOS_DEPLOYMENT_TARGET = 14.0;
				LD_RUNPATH_SEARCH_PATHS = (
					"$(inherited)",
					"@executable_path/Frameworks",
				);
				MARKETING_VERSION = 1.0;
				PRODUCT_BUNDLE_IDENTIFIER = com.jisuKim.ConnectUs;
				PRODUCT_NAME = "$(TARGET_NAME)";
				SWIFT_EMIT_LOC_STRINGS = YES;
				SWIFT_VERSION = 5.0;
				TARGETED_DEVICE_FAMILY = "1,2";
			};
			name = Debug;
		};
		CD6AE575297EF17C00720EB9 /* Release */ = {
			isa = XCBuildConfiguration;
			buildSettings = {
				ASSETCATALOG_COMPILER_APPICON_NAME = AppIcon;
				ASSETCATALOG_COMPILER_GLOBAL_ACCENT_COLOR_NAME = AccentColor;
				CODE_SIGN_STYLE = Automatic;
				CURRENT_PROJECT_VERSION = 1;
				DEVELOPMENT_TEAM = 846TMZL7WC;
				GENERATE_INFOPLIST_FILE = YES;
				INFOPLIST_FILE = ConnectUs/Info.plist;
				INFOPLIST_KEY_UIApplicationSupportsIndirectInputEvents = YES;
				INFOPLIST_KEY_UILaunchStoryboardName = LaunchScreen;
				INFOPLIST_KEY_UIMainStoryboardFile = Main;
				INFOPLIST_KEY_UIRequiresFullScreen = NO;
				INFOPLIST_KEY_UIStatusBarStyle = UIStatusBarStyleLightContent;
				INFOPLIST_KEY_UISupportedInterfaceOrientations_iPad = "UIInterfaceOrientationPortrait UIInterfaceOrientationPortraitUpsideDown UIInterfaceOrientationLandscapeLeft UIInterfaceOrientationLandscapeRight";
				INFOPLIST_KEY_UISupportedInterfaceOrientations_iPhone = "UIInterfaceOrientationPortrait UIInterfaceOrientationLandscapeLeft UIInterfaceOrientationLandscapeRight";
				IPHONEOS_DEPLOYMENT_TARGET = 14.0;
				LD_RUNPATH_SEARCH_PATHS = (
					"$(inherited)",
					"@executable_path/Frameworks",
				);
				MARKETING_VERSION = 1.0;
				PRODUCT_BUNDLE_IDENTIFIER = com.jisuKim.ConnectUs;
				PRODUCT_NAME = "$(TARGET_NAME)";
				SWIFT_EMIT_LOC_STRINGS = YES;
				SWIFT_VERSION = 5.0;
				TARGETED_DEVICE_FAMILY = "1,2";
			};
			name = Release;
		};
/* End XCBuildConfiguration section */

/* Begin XCConfigurationList section */
		CD6AE55A297EF17B00720EB9 /* Build configuration list for PBXProject "ConnectUs" */ = {
			isa = XCConfigurationList;
			buildConfigurations = (
				CD6AE571297EF17C00720EB9 /* Debug */,
				CD6AE572297EF17C00720EB9 /* Release */,
			);
			defaultConfigurationIsVisible = 0;
			defaultConfigurationName = Release;
		};
		CD6AE573297EF17C00720EB9 /* Build configuration list for PBXNativeTarget "ConnectUs" */ = {
			isa = XCConfigurationList;
			buildConfigurations = (
				CD6AE574297EF17C00720EB9 /* Debug */,
				CD6AE575297EF17C00720EB9 /* Release */,
			);
			defaultConfigurationIsVisible = 0;
			defaultConfigurationName = Release;
		};
/* End XCConfigurationList section */

/* Begin XCRemoteSwiftPackageReference section */
		CDE7F086298190CC008F682F /* XCRemoteSwiftPackageReference "SnapKit" */ = {
			isa = XCRemoteSwiftPackageReference;
			repositoryURL = "https://github.com/SnapKit/SnapKit.git";
			requirement = {
				kind = upToNextMajorVersion;
				minimumVersion = 5.0.0;
			};
		};
		CDE7F08C2981934C008F682F /* XCRemoteSwiftPackageReference "Alamofire" */ = {
			isa = XCRemoteSwiftPackageReference;
			repositoryURL = "https://github.com/Alamofire/Alamofire.git";
			requirement = {
				kind = upToNextMajorVersion;
				minimumVersion = 5.0.0;
			};
		};
		CDE7F09629819CEB008F682F /* XCRemoteSwiftPackageReference "Kingfisher" */ = {
			isa = XCRemoteSwiftPackageReference;
			repositoryURL = "https://github.com/onevcat/Kingfisher";
			requirement = {
				kind = upToNextMajorVersion;
				minimumVersion = 7.0.0;
			};
		};
/* End XCRemoteSwiftPackageReference section */

/* Begin XCSwiftPackageProductDependency section */
		CDE7F087298190CC008F682F /* SnapKit */ = {
			isa = XCSwiftPackageProductDependency;
			package = CDE7F086298190CC008F682F /* XCRemoteSwiftPackageReference "SnapKit" */;
			productName = SnapKit;
		};
		CDE7F08D2981934C008F682F /* Alamofire */ = {
			isa = XCSwiftPackageProductDependency;
			package = CDE7F08C2981934C008F682F /* XCRemoteSwiftPackageReference "Alamofire" */;
			productName = Alamofire;
		};
		CDE7F09729819CEB008F682F /* Kingfisher */ = {
			isa = XCSwiftPackageProductDependency;
			package = CDE7F09629819CEB008F682F /* XCRemoteSwiftPackageReference "Kingfisher" */;
			productName = Kingfisher;
		};
/* End XCSwiftPackageProductDependency section */
	};
	rootObject = CD6AE557297EF17B00720EB9 /* Project object */;
}
